
Microsoft Visual Studio Solution File, Format Version 12.00
# Visual Studio Version 16
VisualStudioVersion = 16.0.31624.102
MinimumVisualStudioVersion = 10.0.40219.1
Project("{9A19103F-16F7-4668-BE54-9A1E7A4F7556}") = "QLNhaHang", "QLNhaHang\QLNhaHang.csproj", "{79319DEE-6F37-407D-9BD1-3DA8171412EC}"
EndProject
Global
	GlobalSection(SolutionConfigurationPlatforms) = preSolution
		Debug|Any CPU = Debug|Any CPU
		Release|Any CPU = Release|Any CPU
	EndGlobalSection
	GlobalSection(ProjectConfigurationPlatforms) = postSolution
		{79319DEE-6F37-407D-9BD1-3DA8171412EC}.Debug|Any CPU.ActiveCfg = Debug|Any CPU
		{79319DEE-6F37-407D-9BD1-3DA8171412EC}.Debug|Any CPU.Build.0 = Debug|Any CPU
		{79319DEE-6F37-407D-9BD1-3DA8171412EC}.Release|Any CPU.ActiveCfg = Release|Any CPU
		{79319DEE-6F37-407D-9BD1-3DA8171412EC}.Release|Any CPU.Build.0 = Release|Any CPU
	EndGlobalSection
	GlobalSection(SolutionProperties) = preSolution
		HideSolutionNode = FALSE
	EndGlobalSection
	GlobalSection(ExtensibilityGlobals) = postSolution
		SolutionGuid = {61874C17-EAAE-4922-AB36-6CE2FE82E570}
	EndGlobalSection
EndGlobal
